
Microsoft Visual Studio Solution File, Format Version 12.00
# Visual Studio Version 17
VisualStudioVersion = 17.10.35122.118
MinimumVisualStudioVersion = 10.0.40219.1
Project("{9A19103F-16F7-4668-BE54-9A1E7A4F7556}") = "Orc.Monitoring", "Orc.Monitoring\Orc.Monitoring.csproj", "{E8B6643B-A592-401B-9ABE-71C3B827628C}"
EndProject
Project("{2150E333-8FDC-42A3-9474-1A3956D46DE8}") = "src", "src", "{EE152991-BD7D-46B9-911E-A9B57AFF2E4B}"
EndProject
Project("{2150E333-8FDC-42A3-9474-1A3956D46DE8}") = "misc", "misc", "{7FC547A9-22CB-4609-AFB3-6FF16D0C90CB}"
	ProjectSection(SolutionItems) = preProject
		Directory.Build.analyzers.props = Directory.Build.analyzers.props
		Directory.Build.implicitusings.props = Directory.Build.implicitusings.props
		Directory.Build.nullable.props = Directory.Build.nullable.props
		Directory.Build.props = Directory.Build.props
		Directory.Build.shared.explicit.props = Directory.Build.shared.explicit.props
		Directory.Build.shared.implicit.props = Directory.Build.shared.implicit.props
		Directory.Build.shared.mat.props = Directory.Build.shared.mat.props
		Directory.Build.shared.tests.props = Directory.Build.shared.tests.props
		Directory.Build.shared.tools.props = Directory.Build.shared.tools.props
		Directory.Build.shared.xamltools.props = Directory.Build.shared.xamltools.props
		Directory.Build.targets = Directory.Build.targets
		global.json = global.json
		SolutionAssemblyInfo.cs = SolutionAssemblyInfo.cs
	EndProjectSection
EndProject
Project("{2150E333-8FDC-42A3-9474-1A3956D46DE8}") = "Core", "Core", "{CF423A8F-0EB9-4BED-AED4-9C1E496C9A0C}"
EndProject
Project("{2150E333-8FDC-42A3-9474-1A3956D46DE8}") = "Examples", "Examples", "{57A6AD5D-3AF0-4910-8066-CC40D6560818}"
EndProject
Project("{2150E333-8FDC-42A3-9474-1A3956D46DE8}") = "Tests", "Tests", "{8944FE5C-47F5-4D89-B804-571E78C2E0C1}"
EndProject
Project("{9A19103F-16F7-4668-BE54-9A1E7A4F7556}") = "Orc.Monitoring.Tests", "Orc.Monitoring.Tests\Orc.Monitoring.Tests.csproj", "{76172641-DAAB-4807-9924-45F4B0A25680}"
EndProject
Project("{2150E333-8FDC-42A3-9474-1A3956D46DE8}") = "Benchmarks", "Benchmarks", "{38DEB86F-1CFE-42DF-B9F3-C123E786C9AD}"
EndProject
Project("{9A19103F-16F7-4668-BE54-9A1E7A4F7556}") = "Orc.Monitoring.Benchmarks", "Orc.Monitoring.Benchmarks\Orc.Monitoring.Benchmarks.csproj", "{39A7B12A-2C9D-49C7-84A1-6D3134662082}"
EndProject
Project("{FAE04EC0-301F-11D3-BF4B-00C04F79EFBC}") = "Orc.Monitoring.Examples", "Orc.Monitoring.Examples\Orc.Monitoring.Examples.csproj", "{D5A6FA79-F4F6-41F3-A5C2-A954630807D9}"
EndProject
Global
	GlobalSection(SolutionConfigurationPlatforms) = preSolution
		Debug|Any CPU = Debug|Any CPU
		Release|Any CPU = Release|Any CPU
	EndGlobalSection
	GlobalSection(ProjectConfigurationPlatforms) = postSolution
		{E8B6643B-A592-401B-9ABE-71C3B827628C}.Debug|Any CPU.ActiveCfg = Debug|Any CPU
		{E8B6643B-A592-401B-9ABE-71C3B827628C}.Debug|Any CPU.Build.0 = Debug|Any CPU
		{E8B6643B-A592-401B-9ABE-71C3B827628C}.Release|Any CPU.ActiveCfg = Release|Any CPU
		{E8B6643B-A592-401B-9ABE-71C3B827628C}.Release|Any CPU.Build.0 = Release|Any CPU
		{76172641-DAAB-4807-9924-45F4B0A25680}.Debug|Any CPU.ActiveCfg = Debug|Any CPU
		{76172641-DAAB-4807-9924-45F4B0A25680}.Debug|Any CPU.Build.0 = Debug|Any CPU
		{76172641-DAAB-4807-9924-45F4B0A25680}.Release|Any CPU.ActiveCfg = Release|Any CPU
		{76172641-DAAB-4807-9924-45F4B0A25680}.Release|Any CPU.Build.0 = Release|Any CPU
		{39A7B12A-2C9D-49C7-84A1-6D3134662082}.Debug|Any CPU.ActiveCfg = Debug|Any CPU
		{39A7B12A-2C9D-49C7-84A1-6D3134662082}.Debug|Any CPU.Build.0 = Debug|Any CPU
		{39A7B12A-2C9D-49C7-84A1-6D3134662082}.Release|Any CPU.ActiveCfg = Release|Any CPU
		{39A7B12A-2C9D-49C7-84A1-6D3134662082}.Release|Any CPU.Build.0 = Release|Any CPU
		{D5A6FA79-F4F6-41F3-A5C2-A954630807D9}.Debug|Any CPU.ActiveCfg = Debug|Any CPU
		{D5A6FA79-F4F6-41F3-A5C2-A954630807D9}.Debug|Any CPU.Build.0 = Debug|Any CPU
		{D5A6FA79-F4F6-41F3-A5C2-A954630807D9}.Release|Any CPU.ActiveCfg = Release|Any CPU
		{D5A6FA79-F4F6-41F3-A5C2-A954630807D9}.Release|Any CPU.Build.0 = Release|Any CPU
	EndGlobalSection
	GlobalSection(SolutionProperties) = preSolution
		HideSolutionNode = FALSE
	EndGlobalSection
	GlobalSection(NestedProjects) = preSolution
		{E8B6643B-A592-401B-9ABE-71C3B827628C} = {CF423A8F-0EB9-4BED-AED4-9C1E496C9A0C}
		{CF423A8F-0EB9-4BED-AED4-9C1E496C9A0C} = {EE152991-BD7D-46B9-911E-A9B57AFF2E4B}
		{57A6AD5D-3AF0-4910-8066-CC40D6560818} = {EE152991-BD7D-46B9-911E-A9B57AFF2E4B}
		{8944FE5C-47F5-4D89-B804-571E78C2E0C1} = {EE152991-BD7D-46B9-911E-A9B57AFF2E4B}
		{76172641-DAAB-4807-9924-45F4B0A25680} = {8944FE5C-47F5-4D89-B804-571E78C2E0C1}
		{38DEB86F-1CFE-42DF-B9F3-C123E786C9AD} = {EE152991-BD7D-46B9-911E-A9B57AFF2E4B}
		{39A7B12A-2C9D-49C7-84A1-6D3134662082} = {38DEB86F-1CFE-42DF-B9F3-C123E786C9AD}
		{D5A6FA79-F4F6-41F3-A5C2-A954630807D9} = {57A6AD5D-3AF0-4910-8066-CC40D6560818}
	EndGlobalSection
	GlobalSection(ExtensibilityGlobals) = postSolution
		SolutionGuid = {D2551B40-153E-4B5D-987F-0F958BBD65D9}
	EndGlobalSection
EndGlobal
